dependencies:
- name: cloudflared
  repository: file://../cloudflared
  version: 0.1.0
- name: ceph-csi-rbd
  repository: https://ceph.github.io/csi-charts
  version: 3.9.0
- name: ceph-csi-cephfs
  repository: https://ceph.github.io/csi-charts
  version: 3.9.0
- name: openebs
  repository: https://openebs.github.io/charts
  version: 3.9.0
- name: cert-manager
  repository: https://charts.jetstack.io
  version: v1.13.1
- name: cloudnative-pg
  repository: https://cloudnative-pg.github.io/charts
  version: 0.18.2
- name: metallb
  repository: https://metallb.github.io/metallb
  version: 0.13.11
digest: sha256:4f82c8a29e6537bdf6c1da342263c7434bef82bb3efb5871608101372b5442fc
generated: "2023-10-15T22:04:48.435153945-06:00"
